// !$*UTF8*$!
{
	archiveVersion = 1;
	classes = {
	};
	objectVersion = 46;
	objects = {

/* Begin PBXBuildFile section */
		7CEDC34A1E7845AB0062D733 /* AppDelegate.swift in Sources */ = {isa = PBXBuildFile; fileRef = 7CEDC3491E7845AB0062D733 /* AppDelegate.swift */; };
		7CEDC34C1E7845AB0062D733 /* ViewController.swift in Sources */ = {isa = PBXBuildFile; fileRef = 7CEDC34B1E7845AB0062D733 /* ViewController.swift */; };
		7CEDC34F1E7845AB0062D733 /* Main.storyboard in Resources */ = {isa = PBXBuildFile; fileRef = 7CEDC34D1E7845AB0062D733 /* Main.storyboard */; };
		7CEDC3511E7845AB0062D733 /* Assets.xcassets in Resources */ = {isa = PBXBuildFile; fileRef = 7CEDC3501E7845AB0062D733 /* Assets.xcassets */; };
		7CEDC3541E7845AB0062D733 /* LaunchScreen.storyboard in Resources */ = {isa = PBXBuildFile; fileRef = 7CEDC3521E7845AB0062D733 /* LaunchScreen.storyboard */; };
/* End PBXBuildFile section */

/* Begin PBXFileReference section */
		7CEDC3461E7845AB0062D733 /* navigationExercise.app */ = {isa = PBXFileReference; explicitFileType = wrapper.application; includeInIndex = 0; path = navigationExercise.app; sourceTree = BUILT_PRODUCTS_DIR; };
		7CEDC3491E7845AB0062D733 /* AppDelegate.swift */ = {isa = PBXFileReference; lastKnownFileType = sourcecode.swift; path = AppDelegate.swift; sourceTree = "<group>"; };
		7CEDC34B1E7845AB0062D733 /* ViewController.swift */ = {isa = PBXFileReference; lastKnownFileType = sourcecode.swift; path = ViewController.swift; sourceTree = "<group>"; };
		7CEDC34E1E7845AB0062D733 /* Base */ = {isa = PBXFileReference; lastKnownFileType = file.storyboard; name = Base; path = Base.lproj/Main.storyboard; sourceTree = "<group>"; };
		7CEDC3501E7845AB0062D733 /* Assets.xcassets */ = {isa = PBXFileReference; lastKnownFileType = folder.assetcatalog; path = Assets.xcassets; sourceTree = "<group>"; };
		7CEDC3531E7845AB0062D733 /* Base */ = {isa = PBXFileReference; lastKnownFileType = file.storyboard; name = Base; path = Base.lproj/LaunchScreen.storyboard; sourceTree = "<group>"; };
		7CEDC3551E7845AB0062D733 /* Info.plist */ = {isa = PBXFileReference; lastKnownFileType = text.plist.xml; path = Info.plist; sourceTree = "<group>"; };
/* End PBXFileReference section */

/* Begin PBXFrameworksBuildPhase section */
		7CEDC3431E7845AB0062D733 /* Frameworks */ = {
			isa = PBXFrameworksBuildPhase;
			buildActionMask = 2147483647;
			files = (
			);
			runOnlyForDeploymentPostprocessing = 0;
		};
/* End PBXFrameworksBuildPhase section */

/* Begin PBXGroup section */
		7CEDC33D1E7845AB0062D733 = {
			isa = PBXGroup;
			children = (
				7CEDC3481E7845AB0062D733 /* navigationExercise */,
				7CEDC3471E7845AB0062D733 /* Products */,
			);
			sourceTree = "<group>";
		};
		7CEDC3471E7845AB0062D733 /* Products */ = {
			isa = PBXGroup;
			children = (
				7CEDC3461E7845AB0062D733 /* navigationExercise.app */,
			);
			name = Products;
			sourceTree = "<group>";
		};
		7CEDC3481E7845AB0062D733 /* navigationExercise */ = {
			isa = PBXGroup;
			children = (
				7CEDC3491E7845AB0062D733 /* AppDelegate.swift */,
				7CEDC34B1E7845AB0062D733 /* ViewController.swift */,
				7CEDC34D1E7845AB0062D733 /* Main.storyboard */,
				7CEDC3501E7845AB0062D733 /* Assets.xcassets */,
				7CEDC3521E7845AB0062D733 /* LaunchScreen.storyboard */,
				7CEDC3551E7845AB0062D733 /* Info.plist */,
			);
			path = navigationExercise;
			sourceTree = "<group>";
		};
/* End PBXGroup section */

/* Begin PBXNativeTarget section */
		7CEDC3451E7845AB0062D733 /* navigationExercise */ = {
			isa = PBXNativeTarget;
			buildConfigurationList = 7CEDC3581E7845AB0062D733 /* Build configuration list for PBXNativeTarget "navigationExercise" */;
			buildPhases = (
				7CEDC3421E7845AB0062D733 /* Sources */,
				7CEDC3431E7845AB0062D733 /* Frameworks */,
				7CEDC3441E7845AB0062D733 /* Resources */,
			);
			buildRules = (
			);
			dependencies = (
			);
			name = navigationExercise;
			productName = navigationExercise;
			productReference = 7CEDC3461E7845AB0062D733 /* navigationExercise.app */;
			productType = "com.apple.product-type.application";
		};
/* End PBXNativeTarget section */

/* Begin PBXProject section */
		7CEDC33E1E7845AB0062D733 /* Project object */ = {
			isa = PBXProject;
			attributes = {
				LastSwiftUpdateCheck = 0820;
				LastUpgradeCheck = 0820;
				ORGANIZATIONNAME = "Joseph Park";
				TargetAttributes = {
					7CEDC3451E7845AB0062D733 = {
						CreatedOnToolsVersion = 8.2.1;
						DevelopmentTeam = FZ3E4G9DRA;
						ProvisioningStyle = Automatic;
					};
				};
			};
			buildConfigurationList = 7CEDC3411E7845AB0062D733 /* Build configuration list for PBXProject "navigationExercise" */;
			compatibilityVersion = "Xcode 3.2";
			developmentRegion = English;
			hasScannedForEncodings = 0;
			knownRegions = (
				en,
				Base,
			);
			mainGroup = 7CEDC33D1E7845AB0062D733;
			productRefGroup = 7CEDC3471E7845AB0062D733 /* Products */;
			projectDirPath = "";
			projectRoot = "";
			targets = (
				7CEDC3451E7845AB0062D733 /* navigationExercise */,
			);
		};
/* End PBXProject section */

/* Begin PBXResourcesBuildPhase section */
		7CEDC3441E7845AB0062D733 /* Resources */ = {
			isa = PBXResourcesBuildPhase;
			buildActionMask = 2147483647;
			files = (
				7CEDC3541E7845AB0062D733 /* LaunchScreen.storyboard in Resources */,
				7CEDC3511E7845AB0062D733 /* Assets.xcassets in Resources */,
				7CEDC34F1E7845AB0062D733 /* Main.storyboard in Resources */,
			);
			runOnlyForDeploymentPostprocessing = 0;
		};
/* End PBXResourcesBuildPhase section */

/* Begin PBXSourcesBuildPhase section */
		7CEDC3421E7845AB0062D733 /* Sources */ = {
			isa = PBXSourcesBuildPhase;
			buildActionMask = 2147483647;
			files = (
				7CEDC34C1E7845AB0062D733 /* ViewController.swift in Sources */,
				7CEDC34A1E7845AB0062D733 /* AppDelegate.swift in Sources */,
			);
			runOnlyForDeploymentPostprocessing = 0;
		};
/* End PBXSourcesBuildPhase section */

/* Begin PBXVariantGroup section */
		7CEDC34D1E7845AB0062D733 /* Main.storyboard */ = {
			isa = PBXVariantGroup;
			children = (
				7CEDC34E1E7845AB0062D733 /* Base */,
			);
			name = Main.storyboard;
			sourceTree = "<group>";
		};
		7CEDC3521E7845AB0062D733 /* LaunchScreen.storyboard */ = {
			isa = PBXVariantGroup;
			children = (
				7CEDC3531E7845AB0062D733 /* Base */,
			);
			name = LaunchScreen.storyboard;
			sourceTree = "<group>";
		};
/* End PBXVariantGroup section */

/* Begin XCBuildConfiguration section */
		7CEDC3561E7845AB0062D733 /* Debug */ = {
			isa = XCBuildConfiguration;
			buildSettings = {
				ALWAYS_SEARCH_USER_PATHS = NO;
				CLANG_ANALYZER_NONNULL = YES;
				CLANG_CXX_LANGUAGE_STANDARD = "gnu++0x";
				CLANG_CXX_LIBRARY = "libc++";
				CLANG_ENABLE_MODULES = YES;
				CLANG_ENABLE_OBJC_ARC = YES;
				CLANG_WARN_BOOL_CONVERSION = YES;
				CLANG_WARN_CONSTANT_CONVERSION = YES;
				CLANG_WARN_DIRECT_OBJC_ISA_USAGE = YES_ERROR;
				CLANG_WARN_DOCUMENTATION_COMMENTS = YES;
				CLANG_WARN_EMPTY_BODY = YES;
				CLANG_WARN_ENUM_CONVERSION = YES;
				CLANG_WARN_INFINITE_RECURSION = YES;
				CLANG_WARN_INT_CONVERSION = YES;
				CLANG_WARN_OBJC_ROOT_CLASS = YES_ERROR;
				CLANG_WARN_SUSPICIOUS_MOVE = YES;
				CLANG_WARN_UNREACHABLE_CODE = YES;
				CLANG_WARN__DUPLICATE_METHOD_MATCH = YES;
				"CODE_SIGN_IDENTITY[sdk=iphoneos*]" = "iPhone Developer";
				COPY_PHASE_STRIP = NO;
				DEBUG_INFORMATION_FORMAT = dwarf;
				ENABLE_STRICT_OBJC_MSGSEND = YES;
				ENABLE_TESTABILITY = YES;
				GCC_C_LANGUAGE_STANDARD = gnu99;
				GCC_DYNAMIC_NO_PIC = NO;
				GCC_NO_COMMON_BLOCKS = YES;
				GCC_OPTIMIZATION_LEVEL = 0;
				GCC_PREPROCESSOR_DEFINITIONS = (
					"DEBUG=1",
					"$(inherited)",
				);
				GCC_WARN_64_TO_32_BIT_CONVERSION = YES;
				GCC_WARN_ABOUT_RETURN_TYPE = YES_ERROR;
				GCC_WARN_UNDECLARED_SELECTOR = YES;
				GCC_WARN_UNINITIALIZED_AUTOS = YES_AGGRESSIVE;
				GCC_WARN_UNUSED_FUNCTION = YES;
				GCC_WARN_UNUSED_VARIABLE = YES;
				IPHONEOS_DEPLOYMENT_TARGET = 10.2;
				MTL_ENABLE_DEBUG_INFO = YES;
				ONLY_ACTIVE_ARCH = YES;
				SDKROOT = iphoneos;
				SWIFT_ACTIVE_COMPILATION_CONDITIONS = DEBUG;
				SWIFT_OPTIMIZATION_LEVEL = "-Onone";
				TARGETED_DEVICE_FAMILY = "1,2";
			};
			name = Debug;
		};
		7CEDC3571E7845AB0062D733 /* Release */ = {
			isa = XCBuildConfiguration;
			buildSettings = {
				ALWAYS_SEARCH_USER_PATHS = NO;
				CLANG_ANALYZER_NONNULL = YES;
				CLANG_CXX_LANGUAGE_STANDARD = "gnu++0x";
				CLANG_CXX_LIBRARY = "libc++";
				CLANG_ENABLE_MODULES = YES;
				CLANG_ENABLE_OBJC_ARC = YES;
				CLANG_WARN_BOOL_CONVERSION = YES;
				CLANG_WARN_CONSTANT_CONVERSION = YES;
				CLANG_WARN_DIRECT_OBJC_ISA_USAGE = YES_ERROR;
				CLANG_WARN_DOCUMENTATION_COMMENTS = YES;
				CLANG_WARN_EMPTY_BODY = YES;
				CLANG_WARN_ENUM_CONVERSION = YES;
				CLANG_WARN_INFINITE_RECURSION = YES;
				CLANG_WARN_INT_CONVERSION = YES;
				CLANG_WARN_OBJC_ROOT_CLASS = YES_ERROR;
				CLANG_WARN_SUSPICIOUS_MOVE = YES;
				CLANG_WARN_UNREACHABLE_CODE = YES;
				CLANG_WARN__DUPLICATE_METHOD_MATCH = YES;
				"CODE_SIGN_IDENTITY[sdk=iphoneos*]" = "iPhone Developer";
				COPY_PHASE_STRIP = NO;
				DEBUG_INFORMATION_FORMAT = "dwarf-with-dsym";
				ENABLE_NS_ASSERTIONS = NO;
				ENABLE_STRICT_OBJC_MSGSEND = YES;
				GCC_C_LANGUAGE_STANDARD = gnu99;
				GCC_NO_COMMON_BLOCKS = YES;
				GCC_WARN_64_TO_32_BIT_CONVERSION = YES;
				GCC_WARN_ABOUT_RETURN_TYPE = YES_ERROR;
				GCC_WARN_UNDECLARED_SELECTOR = YES;
				GCC_WARN_UNINITIALIZED_AUTOS = YES_AGGRESSIVE;
				GCC_WARN_UNUSED_FUNCTION = YES;
				GCC_WARN_UNUSED_VARIABLE = YES;
				IPHONEOS_DEPLOYMENT_TARGET = 10.2;
				MTL_ENABLE_DEBUG_INFO = NO;
				SDKROOT = iphoneos;
				SWIFT_OPTIMIZATION_LEVEL = "-Owholemodule";
				TARGETED_DEVICE_FAMILY = "1,2";
				VALIDATE_PRODUCT = YES;
			};
			name = Release;
		};
		7CEDC3591E7845AB0062D733 /* Debug */ = {
			isa = XCBuildConfiguration;
			buildSettings = {
				ASSETCATALOG_COMPILER_APPICON_NAME = AppIcon;
				DEVELOPMENT_TEAM = FZ3E4G9DRA;
				INFOPLIST_FILE = navigationExercise/Info.plist;
				LD_RUNPATH_SEARCH_PATHS = "$(inherited) @executable_path/Frameworks";
				PRODUCT_BUNDLE_IDENTIFIER = com.joseph.navigationExercise;
				PRODUCT_NAME = "$(TARGET_NAME)";
				SWIFT_VERSION = 3.0;
			};
			name = Debug;
		};
		7CEDC35A1E7845AB0062D733 /* Release */ = {
			isa = XCBuildConfiguration;
			buildSettings = {
				ASSETCATALOG_COMPILER_APPICON_NAME = AppIcon;
				DEVELOPMENT_TEAM = FZ3E4G9DRA;
				INFOPLIST_FILE = navigationExercise/Info.plist;
				LD_RUNPATH_SEARCH_PATHS = "$(inherited) @executable_path/Frameworks";
				PRODUCT_BUNDLE_IDENTIFIER = com.joseph.navigationExercise;
				PRODUCT_NAME = "$(TARGET_NAME)";
				SWIFT_VERSION = 3.0;
			};
			name = Release;
		};
/* End XCBuildConfiguration section */

/* Begin XCConfigurationList section */
		7CEDC3411E7845AB0062D733 /* Build configuration list for PBXProject "navigationExercise" */ = {
			isa = XCConfigurationList;
			buildConfigurations = (
				7CEDC3561E7845AB0062D733 /* Debug */,
				7CEDC3571E7845AB0062D733 /* Release */,
			);
			defaultConfigurationIsVisible = 0;
			defaultConfigurationName = Release;
		};
		7CEDC3581E7845AB0062D733 /* Build configuration list for PBXNativeTarget "navigationExercise" */ = {
			isa = XCConfigurationList;
			buildConfigurations = (
				7CEDC3591E7845AB0062D733 /* Debug */,
				7CEDC35A1E7845AB0062D733 /* Release */,
			);
			defaultConfigurationIsVisible = 0;
		};
/* End XCConfigurationList section */
	};
	rootObject = 7CEDC33E1E7845AB0062D733 /* Project object */;
}
