// !$*UTF8*$!
{
	archiveVersion = 1;
	classes = {
	};
	objectVersion = 46;
	objects = {

/* Begin PBXBuildFile section */
		7CB26CA31EB1BEB5002148FC /* AppDelegate.swift in Sources */ = {isa = PBXBuildFile; fileRef = 7CB26CA21EB1BEB5002148FC /* AppDelegate.swift */; };
		7CB26CA51EB1BEB5002148FC /* MainVC.swift in Sources */ = {isa = PBXBuildFile; fileRef = 7CB26CA41EB1BEB5002148FC /* MainVC.swift */; };
		7CB26CA81EB1BEB5002148FC /* Main.storyboard in Resources */ = {isa = PBXBuildFile; fileRef = 7CB26CA61EB1BEB5002148FC /* Main.storyboard */; };
		7CB26CAA1EB1BEB5002148FC /* Assets.xcassets in Resources */ = {isa = PBXBuildFile; fileRef = 7CB26CA91EB1BEB5002148FC /* Assets.xcassets */; };
		7CB26CAD1EB1BEB5002148FC /* LaunchScreen.storyboard in Resources */ = {isa = PBXBuildFile; fileRef = 7CB26CAB1EB1BEB5002148FC /* LaunchScreen.storyboard */; };
		7CD7C8B41EB85F0C0052EE7A /* LoginVC.swift in Sources */ = {isa = PBXBuildFile; fileRef = 7CD7C8B31EB85F0C0052EE7A /* LoginVC.swift */; };
		7CD7C8B81EBADB760052EE7A /* Users.swift in Sources */ = {isa = PBXBuildFile; fileRef = 7CD7C8B71EBADB760052EE7A /* Users.swift */; };
		7CD7C8BA1EBBEDE10052EE7A /* Indicator.swift in Sources */ = {isa = PBXBuildFile; fileRef = 7CD7C8B91EBBEDE10052EE7A /* Indicator.swift */; };
		7CD7C8BC1EBBFBD50052EE7A /* UdacityNetwork.swift in Sources */ = {isa = PBXBuildFile; fileRef = 7CD7C8BB1EBBFBD50052EE7A /* UdacityNetwork.swift */; };
/* End PBXBuildFile section */

/* Begin PBXFileReference section */
		7CB26C9F1EB1BEB5002148FC /* OnTheMap.app */ = {isa = PBXFileReference; explicitFileType = wrapper.application; includeInIndex = 0; path = OnTheMap.app; sourceTree = BUILT_PRODUCTS_DIR; };
		7CB26CA21EB1BEB5002148FC /* AppDelegate.swift */ = {isa = PBXFileReference; lastKnownFileType = sourcecode.swift; path = AppDelegate.swift; sourceTree = "<group>"; };
		7CB26CA41EB1BEB5002148FC /* MainVC.swift */ = {isa = PBXFileReference; lastKnownFileType = sourcecode.swift; path = MainVC.swift; sourceTree = "<group>"; };
		7CB26CA71EB1BEB5002148FC /* Base */ = {isa = PBXFileReference; lastKnownFileType = file.storyboard; name = Base; path = Base.lproj/Main.storyboard; sourceTree = "<group>"; };
		7CB26CA91EB1BEB5002148FC /* Assets.xcassets */ = {isa = PBXFileReference; lastKnownFileType = folder.assetcatalog; path = Assets.xcassets; sourceTree = "<group>"; };
		7CB26CAC1EB1BEB5002148FC /* Base */ = {isa = PBXFileReference; lastKnownFileType = file.storyboard; name = Base; path = Base.lproj/LaunchScreen.storyboard; sourceTree = "<group>"; };
		7CB26CAE1EB1BEB5002148FC /* Info.plist */ = {isa = PBXFileReference; lastKnownFileType = text.plist.xml; path = Info.plist; sourceTree = "<group>"; };
		7CD7C8B31EB85F0C0052EE7A /* LoginVC.swift */ = {isa = PBXFileReference; fileEncoding = 4; lastKnownFileType = sourcecode.swift; path = LoginVC.swift; sourceTree = "<group>"; };
		7CD7C8B71EBADB760052EE7A /* Users.swift */ = {isa = PBXFileReference; fileEncoding = 4; lastKnownFileType = sourcecode.swift; path = Users.swift; sourceTree = "<group>"; };
		7CD7C8B91EBBEDE10052EE7A /* Indicator.swift */ = {isa = PBXFileReference; fileEncoding = 4; lastKnownFileType = sourcecode.swift; path = Indicator.swift; sourceTree = "<group>"; };
		7CD7C8BB1EBBFBD50052EE7A /* UdacityNetwork.swift */ = {isa = PBXFileReference; fileEncoding = 4; lastKnownFileType = sourcecode.swift; path = UdacityNetwork.swift; sourceTree = "<group>"; };
/* End PBXFileReference section */

/* Begin PBXFrameworksBuildPhase section */
		7CB26C9C1EB1BEB5002148FC /* Frameworks */ = {
			isa = PBXFrameworksBuildPhase;
			buildActionMask = 2147483647;
			files = (
			);
			runOnlyForDeploymentPostprocessing = 0;
		};
/* End PBXFrameworksBuildPhase section */

/* Begin PBXGroup section */
		7CB26C961EB1BEB5002148FC = {
			isa = PBXGroup;
			children = (
				7CB26CA11EB1BEB5002148FC /* OnTheMap */,
				7CB26CA01EB1BEB5002148FC /* Products */,
			);
			sourceTree = "<group>";
		};
		7CB26CA01EB1BEB5002148FC /* Products */ = {
			isa = PBXGroup;
			children = (
				7CB26C9F1EB1BEB5002148FC /* OnTheMap.app */,
			);
			name = Products;
			sourceTree = "<group>";
		};
		7CB26CA11EB1BEB5002148FC /* OnTheMap */ = {
			isa = PBXGroup;
			children = (
				7CD7C8B51EB85F1A0052EE7A /* Controllers */,
				7CB26CA21EB1BEB5002148FC /* AppDelegate.swift */,
				7CB26CA61EB1BEB5002148FC /* Main.storyboard */,
				7CB26CA91EB1BEB5002148FC /* Assets.xcassets */,
				7CB26CAB1EB1BEB5002148FC /* LaunchScreen.storyboard */,
				7CB26CAE1EB1BEB5002148FC /* Info.plist */,
			);
			path = OnTheMap;
			sourceTree = "<group>";
		};
		7CD7C8B51EB85F1A0052EE7A /* Controllers */ = {
			isa = PBXGroup;
			children = (
				7CD7C8B31EB85F0C0052EE7A /* LoginVC.swift */,
				7CB26CA41EB1BEB5002148FC /* MainVC.swift */,
				7CD7C8B71EBADB760052EE7A /* Users.swift */,
				7CD7C8B91EBBEDE10052EE7A /* Indicator.swift */,
				7CD7C8BB1EBBFBD50052EE7A /* UdacityNetwork.swift */,
			);
			name = Controllers;
			sourceTree = "<group>";
		};
/* End PBXGroup section */

/* Begin PBXNativeTarget section */
		7CB26C9E1EB1BEB5002148FC /* OnTheMap */ = {
			isa = PBXNativeTarget;
			buildConfigurationList = 7CB26CB11EB1BEB5002148FC /* Build configuration list for PBXNativeTarget "OnTheMap" */;
			buildPhases = (
				7CB26C9B1EB1BEB5002148FC /* Sources */,
				7CB26C9C1EB1BEB5002148FC /* Frameworks */,
				7CB26C9D1EB1BEB5002148FC /* Resources */,
			);
			buildRules = (
			);
			dependencies = (
			);
			name = OnTheMap;
			productName = OnTheMap;
			productReference = 7CB26C9F1EB1BEB5002148FC /* OnTheMap.app */;
			productType = "com.apple.product-type.application";
		};
/* End PBXNativeTarget section */

/* Begin PBXProject section */
		7CB26C971EB1BEB5002148FC /* Project object */ = {
			isa = PBXProject;
			attributes = {
				LastSwiftUpdateCheck = 0830;
				LastUpgradeCheck = 0830;
				ORGANIZATIONNAME = "Joseph Park";
				TargetAttributes = {
					7CB26C9E1EB1BEB5002148FC = {
						CreatedOnToolsVersion = 8.3.2;
						DevelopmentTeam = FZ3E4G9DRA;
						ProvisioningStyle = Automatic;
					};
				};
			};
			buildConfigurationList = 7CB26C9A1EB1BEB5002148FC /* Build configuration list for PBXProject "OnTheMap" */;
			compatibilityVersion = "Xcode 3.2";
			developmentRegion = English;
			hasScannedForEncodings = 0;
			knownRegions = (
				en,
				Base,
			);
			mainGroup = 7CB26C961EB1BEB5002148FC;
			productRefGroup = 7CB26CA01EB1BEB5002148FC /* Products */;
			projectDirPath = "";
			projectRoot = "";
			targets = (
				7CB26C9E1EB1BEB5002148FC /* OnTheMap */,
			);
		};
/* End PBXProject section */

/* Begin PBXResourcesBuildPhase section */
		7CB26C9D1EB1BEB5002148FC /* Resources */ = {
			isa = PBXResourcesBuildPhase;
			buildActionMask = 2147483647;
			files = (
				7CB26CAD1EB1BEB5002148FC /* LaunchScreen.storyboard in Resources */,
				7CB26CAA1EB1BEB5002148FC /* Assets.xcassets in Resources */,
				7CB26CA81EB1BEB5002148FC /* Main.storyboard in Resources */,
			);
			runOnlyForDeploymentPostprocessing = 0;
		};
/* End PBXResourcesBuildPhase section */

/* Begin PBXSourcesBuildPhase section */
		7CB26C9B1EB1BEB5002148FC /* Sources */ = {
			isa = PBXSourcesBuildPhase;
			buildActionMask = 2147483647;
			files = (
				7CD7C8B81EBADB760052EE7A /* Users.swift in Sources */,
				7CB26CA51EB1BEB5002148FC /* MainVC.swift in Sources */,
				7CD7C8BC1EBBFBD50052EE7A /* UdacityNetwork.swift in Sources */,
				7CB26CA31EB1BEB5002148FC /* AppDelegate.swift in Sources */,
				7CD7C8BA1EBBEDE10052EE7A /* Indicator.swift in Sources */,
				7CD7C8B41EB85F0C0052EE7A /* LoginVC.swift in Sources */,
			);
			runOnlyForDeploymentPostprocessing = 0;
		};
/* End PBXSourcesBuildPhase section */

/* Begin PBXVariantGroup section */
		7CB26CA61EB1BEB5002148FC /* Main.storyboard */ = {
			isa = PBXVariantGroup;
			children = (
				7CB26CA71EB1BEB5002148FC /* Base */,
			);
			name = Main.storyboard;
			sourceTree = "<group>";
		};
		7CB26CAB1EB1BEB5002148FC /* LaunchScreen.storyboard */ = {
			isa = PBXVariantGroup;
			children = (
				7CB26CAC1EB1BEB5002148FC /* Base */,
			);
			name = LaunchScreen.storyboard;
			sourceTree = "<group>";
		};
/* End PBXVariantGroup section */

/* Begin XCBuildConfiguration section */
		7CB26CAF1EB1BEB5002148FC /* Debug */ = {
			isa = XCBuildConfiguration;
			buildSettings = {
				ALWAYS_SEARCH_USER_PATHS = NO;
				CLANG_ANALYZER_NONNULL = YES;
				CLANG_ANALYZER_NUMBER_OBJECT_CONVERSION = YES_AGGRESSIVE;
				CLANG_CXX_LANGUAGE_STANDARD = "gnu++0x";
				CLANG_CXX_LIBRARY = "libc++";
				CLANG_ENABLE_MODULES = YES;
				CLANG_ENABLE_OBJC_ARC = YES;
				CLANG_WARN_BOOL_CONVERSION = YES;
				CLANG_WARN_CONSTANT_CONVERSION = YES;
				CLANG_WARN_DIRECT_OBJC_ISA_USAGE = YES_ERROR;
				CLANG_WARN_DOCUMENTATION_COMMENTS = YES;
				CLANG_WARN_EMPTY_BODY = YES;
				CLANG_WARN_ENUM_CONVERSION = YES;
				CLANG_WARN_INFINITE_RECURSION = YES;
				CLANG_WARN_INT_CONVERSION = YES;
				CLANG_WARN_OBJC_ROOT_CLASS = YES_ERROR;
				CLANG_WARN_SUSPICIOUS_MOVE = YES;
				CLANG_WARN_UNREACHABLE_CODE = YES;
				CLANG_WARN__DUPLICATE_METHOD_MATCH = YES;
				"CODE_SIGN_IDENTITY[sdk=iphoneos*]" = "iPhone Developer";
				COPY_PHASE_STRIP = NO;
				DEBUG_INFORMATION_FORMAT = dwarf;
				ENABLE_STRICT_OBJC_MSGSEND = YES;
				ENABLE_TESTABILITY = YES;
				GCC_C_LANGUAGE_STANDARD = gnu99;
				GCC_DYNAMIC_NO_PIC = NO;
				GCC_NO_COMMON_BLOCKS = YES;
				GCC_OPTIMIZATION_LEVEL = 0;
				GCC_PREPROCESSOR_DEFINITIONS = (
					"DEBUG=1",
					"$(inherited)",
				);
				GCC_WARN_64_TO_32_BIT_CONVERSION = YES;
				GCC_WARN_ABOUT_RETURN_TYPE = YES_ERROR;
				GCC_WARN_UNDECLARED_SELECTOR = YES;
				GCC_WARN_UNINITIALIZED_AUTOS = YES_AGGRESSIVE;
				GCC_WARN_UNUSED_FUNCTION = YES;
				GCC_WARN_UNUSED_VARIABLE = YES;
				IPHONEOS_DEPLOYMENT_TARGET = 10.3;
				MTL_ENABLE_DEBUG_INFO = YES;
				ONLY_ACTIVE_ARCH = YES;
				SDKROOT = iphoneos;
				SWIFT_ACTIVE_COMPILATION_CONDITIONS = DEBUG;
				SWIFT_OPTIMIZATION_LEVEL = "-Onone";
				TARGETED_DEVICE_FAMILY = "1,2";
			};
			name = Debug;
		};
		7CB26CB01EB1BEB5002148FC /* Release */ = {
			isa = XCBuildConfiguration;
			buildSettings = {
				ALWAYS_SEARCH_USER_PATHS = NO;
				CLANG_ANALYZER_NONNULL = YES;
				CLANG_ANALYZER_NUMBER_OBJECT_CONVERSION = YES_AGGRESSIVE;
				CLANG_CXX_LANGUAGE_STANDARD = "gnu++0x";
				CLANG_CXX_LIBRARY = "libc++";
				CLANG_ENABLE_MODULES = YES;
				CLANG_ENABLE_OBJC_ARC = YES;
				CLANG_WARN_BOOL_CONVERSION = YES;
				CLANG_WARN_CONSTANT_CONVERSION = YES;
				CLANG_WARN_DIRECT_OBJC_ISA_USAGE = YES_ERROR;
				CLANG_WARN_DOCUMENTATION_COMMENTS = YES;
				CLANG_WARN_EMPTY_BODY = YES;
				CLANG_WARN_ENUM_CONVERSION = YES;
				CLANG_WARN_INFINITE_RECURSION = YES;
				CLANG_WARN_INT_CONVERSION = YES;
				CLANG_WARN_OBJC_ROOT_CLASS = YES_ERROR;
				CLANG_WARN_SUSPICIOUS_MOVE = YES;
				CLANG_WARN_UNREACHABLE_CODE = YES;
				CLANG_WARN__DUPLICATE_METHOD_MATCH = YES;
				"CODE_SIGN_IDENTITY[sdk=iphoneos*]" = "iPhone Developer";
				COPY_PHASE_STRIP = NO;
				DEBUG_INFORMATION_FORMAT = "dwarf-with-dsym";
				ENABLE_NS_ASSERTIONS = NO;
				ENABLE_STRICT_OBJC_MSGSEND = YES;
				GCC_C_LANGUAGE_STANDARD = gnu99;
				GCC_NO_COMMON_BLOCKS = YES;
				GCC_WARN_64_TO_32_BIT_CONVERSION = YES;
				GCC_WARN_ABOUT_RETURN_TYPE = YES_ERROR;
				GCC_WARN_UNDECLARED_SELECTOR = YES;
				GCC_WARN_UNINITIALIZED_AUTOS = YES_AGGRESSIVE;
				GCC_WARN_UNUSED_FUNCTION = YES;
				GCC_WARN_UNUSED_VARIABLE = YES;
				IPHONEOS_DEPLOYMENT_TARGET = 10.3;
				MTL_ENABLE_DEBUG_INFO = NO;
				SDKROOT = iphoneos;
				SWIFT_OPTIMIZATION_LEVEL = "-Owholemodule";
				TARGETED_DEVICE_FAMILY = "1,2";
				VALIDATE_PRODUCT = YES;
			};
			name = Release;
		};
		7CB26CB21EB1BEB5002148FC /* Debug */ = {
			isa = XCBuildConfiguration;
			buildSettings = {
				ASSETCATALOG_COMPILER_APPICON_NAME = AppIcon;
				DEVELOPMENT_TEAM = FZ3E4G9DRA;
				INFOPLIST_FILE = OnTheMap/Info.plist;
				LD_RUNPATH_SEARCH_PATHS = "$(inherited) @executable_path/Frameworks";
				PRODUCT_BUNDLE_IDENTIFIER = com.joseph.OnTheMap;
				PRODUCT_NAME = "$(TARGET_NAME)";
				SWIFT_VERSION = 3.0;
			};
			name = Debug;
		};
		7CB26CB31EB1BEB5002148FC /* Release */ = {
			isa = XCBuildConfiguration;
			buildSettings = {
				ASSETCATALOG_COMPILER_APPICON_NAME = AppIcon;
				DEVELOPMENT_TEAM = FZ3E4G9DRA;
				INFOPLIST_FILE = OnTheMap/Info.plist;
				LD_RUNPATH_SEARCH_PATHS = "$(inherited) @executable_path/Frameworks";
				PRODUCT_BUNDLE_IDENTIFIER = com.joseph.OnTheMap;
				PRODUCT_NAME = "$(TARGET_NAME)";
				SWIFT_VERSION = 3.0;
			};
			name = Release;
		};
/* End XCBuildConfiguration section */

/* Begin XCConfigurationList section */
		7CB26C9A1EB1BEB5002148FC /* Build configuration list for PBXProject "OnTheMap" */ = {
			isa = XCConfigurationList;
			buildConfigurations = (
				7CB26CAF1EB1BEB5002148FC /* Debug */,
				7CB26CB01EB1BEB5002148FC /* Release */,
			);
			defaultConfigurationIsVisible = 0;
			defaultConfigurationName = Release;
		};
		7CB26CB11EB1BEB5002148FC /* Build configuration list for PBXNativeTarget "OnTheMap" */ = {
			isa = XCConfigurationList;
			buildConfigurations = (
				7CB26CB21EB1BEB5002148FC /* Debug */,
				7CB26CB31EB1BEB5002148FC /* Release */,
			);
			defaultConfigurationIsVisible = 0;
			defaultConfigurationName = Release;
		};
/* End XCConfigurationList section */
	};
	rootObject = 7CB26C971EB1BEB5002148FC /* Project object */;
}
